
Microsoft Visual Studio Solution File, Format Version 10.00
# Visual Studio 2008
Project("{FAE04EC0-301F-11D3-BF4B-00C04F79EFBC}") = "IronGene", "IronGene\IronGene.csproj", "{BB6240E6-09FC-4820-A1B5-65F19D96858D}"
EndProject
Global
	GlobalSection(SolutionConfigurationPlatforms) = preSolution
		Debug|Any CPU = Debug|Any CPU
		Release|Any CPU = Release|Any CPU
	EndGlobalSection
	GlobalSection(ProjectConfigurationPlatforms) = postSolution
		{BB6240E6-09FC-4820-A1B5-65F19D96858D}.Debug|Any CPU.ActiveCfg = Debug|Any CPU
		{BB6240E6-09FC-4820-A1B5-65F19D96858D}.Debug|Any CPU.Build.0 = Debug|Any CPU
		{BB6240E6-09FC-4820-A1B5-65F19D96858D}.Release|Any CPU.ActiveCfg = Release|Any CPU
		{BB6240E6-09FC-4820-A1B5-65F19D96858D}.Release|Any CPU.Build.0 = Release|Any CPU
	EndGlobalSection
	GlobalSection(SolutionProperties) = preSolution
		HideSolutionNode = FALSE
	EndGlobalSection
EndGlobal
